// !$*UTF8*$!
{
	archiveVersion = 1;
	classes = {
	};
	objectVersion = 50;
	objects = {

/* Begin PBXBuildFile section */
		32944D14244AD50900F5A81A /* AppDelegate.swift in Sources */ = {isa = PBXBuildFile; fileRef = 32944D13244AD50900F5A81A /* AppDelegate.swift */; };
		32944D16244AD50900F5A81A /* ViewController.swift in Sources */ = {isa = PBXBuildFile; fileRef = 32944D15244AD50900F5A81A /* ViewController.swift */; };
		32944D18244AD50900F5A81A /* Experience.rcproject in Sources */ = {isa = PBXBuildFile; fileRef = 32944D17244AD50900F5A81A /* Experience.rcproject */; };
		32944D1B244AD50900F5A81A /* Main.storyboard in Resources */ = {isa = PBXBuildFile; fileRef = 32944D19244AD50900F5A81A /* Main.storyboard */; };
		32944D1D244AD50B00F5A81A /* Assets.xcassets in Resources */ = {isa = PBXBuildFile; fileRef = 32944D1C244AD50B00F5A81A /* Assets.xcassets */; };
		32944D20244AD50B00F5A81A /* LaunchScreen.storyboard in Resources */ = {isa = PBXBuildFile; fileRef = 32944D1E244AD50B00F5A81A /* LaunchScreen.storyboard */; };
		32944D2B244AD50B00F5A81A /* bluefaceTests.swift in Sources */ = {isa = PBXBuildFile; fileRef = 32944D2A244AD50B00F5A81A /* bluefaceTests.swift */; };
		32944D36244AD50B00F5A81A /* bluefaceUITests.swift in Sources */ = {isa = PBXBuildFile; fileRef = 32944D35244AD50B00F5A81A /* bluefaceUITests.swift */; };
/* End PBXBuildFile section */

/* Begin PBXContainerItemProxy section */
		32944D27244AD50B00F5A81A /* PBXContainerItemProxy */ = {
			isa = PBXContainerItemProxy;
			containerPortal = 32944D08244AD50900F5A81A /* Project object */;
			proxyType = 1;
			remoteGlobalIDString = 32944D0F244AD50900F5A81A;
			remoteInfo = blueface;
		};
		32944D32244AD50B00F5A81A /* PBXContainerItemProxy */ = {
			isa = PBXContainerItemProxy;
			containerPortal = 32944D08244AD50900F5A81A /* Project object */;
			proxyType = 1;
			remoteGlobalIDString = 32944D0F244AD50900F5A81A;
			remoteInfo = blueface;
		};
/* End PBXContainerItemProxy section */

/* Begin PBXFileReference section */
		32944D10244AD50900F5A81A /* blueface.app */ = {isa = PBXFileReference; explicitFileType = wrapper.application; includeInIndex = 0; path = blueface.app; sourceTree = BUILT_PRODUCTS_DIR; };
		32944D13244AD50900F5A81A /* AppDelegate.swift */ = {isa = PBXFileReference; lastKnownFileType = sourcecode.swift; path = AppDelegate.swift; sourceTree = "<group>"; };
		32944D15244AD50900F5A81A /* ViewController.swift */ = {isa = PBXFileReference; lastKnownFileType = sourcecode.swift; path = ViewController.swift; sourceTree = "<group>"; };
		32944D17244AD50900F5A81A /* Experience.rcproject */ = {isa = PBXFileReference; lastKnownFileType = file.rcproject; path = Experience.rcproject; sourceTree = "<group>"; };
		32944D1A244AD50900F5A81A /* Base */ = {isa = PBXFileReference; lastKnownFileType = file.storyboard; name = Base; path = Base.lproj/Main.storyboard; sourceTree = "<group>"; };
		32944D1C244AD50B00F5A81A /* Assets.xcassets */ = {isa = PBXFileReference; lastKnownFileType = folder.assetcatalog; path = Assets.xcassets; sourceTree = "<group>"; };
		32944D1F244AD50B00F5A81A /* Base */ = {isa = PBXFileReference; lastKnownFileType = file.storyboard; name = Base; path = Base.lproj/LaunchScreen.storyboard; sourceTree = "<group>"; };
		32944D21244AD50B00F5A81A /* Info.plist */ = {isa = PBXFileReference; lastKnownFileType = text.plist.xml; path = Info.plist; sourceTree = "<group>"; };
		32944D26244AD50B00F5A81A /* bluefaceTests.xctest */ = {isa = PBXFileReference; explicitFileType = wrapper.cfbundle; includeInIndex = 0; path = bluefaceTests.xctest; sourceTree = BUILT_PRODUCTS_DIR; };
		32944D2A244AD50B00F5A81A /* bluefaceTests.swift */ = {isa = PBXFileReference; lastKnownFileType = sourcecode.swift; path = bluefaceTests.swift; sourceTree = "<group>"; };
		32944D2C244AD50B00F5A81A /* Info.plist */ = {isa = PBXFileReference; lastKnownFileType = text.plist.xml; path = Info.plist; sourceTree = "<group>"; };
		32944D31244AD50B00F5A81A /* bluefaceUITests.xctest */ = {isa = PBXFileReference; explicitFileType = wrapper.cfbundle; includeInIndex = 0; path = bluefaceUITests.xctest; sourceTree = BUILT_PRODUCTS_DIR; };
		32944D35244AD50B00F5A81A /* bluefaceUITests.swift */ = {isa = PBXFileReference; lastKnownFileType = sourcecode.swift; path = bluefaceUITests.swift; sourceTree = "<group>"; };
		32944D37244AD50B00F5A81A /* Info.plist */ = {isa = PBXFileReference; lastKnownFileType = text.plist.xml; path = Info.plist; sourceTree = "<group>"; };
/* End PBXFileReference section */

/* Begin PBXFrameworksBuildPhase section */
		32944D0D244AD50900F5A81A /* Frameworks */ = {
			isa = PBXFrameworksBuildPhase;
			buildActionMask = 2147483647;
			files = (
			);
			runOnlyForDeploymentPostprocessing = 0;
		};
		32944D23244AD50B00F5A81A /* Frameworks */ = {
			isa = PBXFrameworksBuildPhase;
			buildActionMask = 2147483647;
			files = (
			);
			runOnlyForDeploymentPostprocessing = 0;
		};
		32944D2E244AD50B00F5A81A /* Frameworks */ = {
			isa = PBXFrameworksBuildPhase;
			buildActionMask = 2147483647;
			files = (
			);
			runOnlyForDeploymentPostprocessing = 0;
		};
/* End PBXFrameworksBuildPhase section */

/* Begin PBXGroup section */
		32944D07244AD50900F5A81A = {
			isa = PBXGroup;
			children = (
				32944D12244AD50900F5A81A /* blueface */,
				32944D29244AD50B00F5A81A /* bluefaceTests */,
				32944D34244AD50B00F5A81A /* bluefaceUITests */,
				32944D11244AD50900F5A81A /* Products */,
			);
			sourceTree = "<group>";
		};
		32944D11244AD50900F5A81A /* Products */ = {
			isa = PBXGroup;
			children = (
				32944D10244AD50900F5A81A /* blueface.app */,
				32944D26244AD50B00F5A81A /* bluefaceTests.xctest */,
				32944D31244AD50B00F5A81A /* bluefaceUITests.xctest */,
			);
			name = Products;
			sourceTree = "<group>";
		};
		32944D12244AD50900F5A81A /* blueface */ = {
			isa = PBXGroup;
			children = (
				32944D13244AD50900F5A81A /* AppDelegate.swift */,
				32944D15244AD50900F5A81A /* ViewController.swift */,
				32944D17244AD50900F5A81A /* Experience.rcproject */,
				32944D19244AD50900F5A81A /* Main.storyboard */,
				32944D1C244AD50B00F5A81A /* Assets.xcassets */,
				32944D1E244AD50B00F5A81A /* LaunchScreen.storyboard */,
				32944D21244AD50B00F5A81A /* Info.plist */,
			);
			path = blueface;
			sourceTree = "<group>";
		};
		32944D29244AD50B00F5A81A /* bluefaceTests */ = {
			isa = PBXGroup;
			children = (
				32944D2A244AD50B00F5A81A /* bluefaceTests.swift */,
				32944D2C244AD50B00F5A81A /* Info.plist */,
			);
			path = bluefaceTests;
			sourceTree = "<group>";
		};
		32944D34244AD50B00F5A81A /* bluefaceUITests */ = {
			isa = PBXGroup;
			children = (
				32944D35244AD50B00F5A81A /* bluefaceUITests.swift */,
				32944D37244AD50B00F5A81A /* Info.plist */,
			);
			path = bluefaceUITests;
			sourceTree = "<group>";
		};
/* End PBXGroup section */

/* Begin PBXNativeTarget section */
		32944D0F244AD50900F5A81A /* blueface */ = {
			isa = PBXNativeTarget;
			buildConfigurationList = 32944D3A244AD50B00F5A81A /* Build configuration list for PBXNativeTarget "blueface" */;
			buildPhases = (
				32944D0C244AD50900F5A81A /* Sources */,
				32944D0D244AD50900F5A81A /* Frameworks */,
				32944D0E244AD50900F5A81A /* Resources */,
			);
			buildRules = (
			);
			dependencies = (
			);
			name = blueface;
			productName = blueface;
			productReference = 32944D10244AD50900F5A81A /* blueface.app */;
			productType = "com.apple.product-type.application";
		};
		32944D25244AD50B00F5A81A /* bluefaceTests */ = {
			isa = PBXNativeTarget;
			buildConfigurationList = 32944D3D244AD50B00F5A81A /* Build configuration list for PBXNativeTarget "bluefaceTests" */;
			buildPhases = (
				32944D22244AD50B00F5A81A /* Sources */,
				32944D23244AD50B00F5A81A /* Frameworks */,
				32944D24244AD50B00F5A81A /* Resources */,
			);
			buildRules = (
			);
			dependencies = (
				32944D28244AD50B00F5A81A /* PBXTargetDependency */,
			);
			name = bluefaceTests;
			productName = bluefaceTests;
			productReference = 32944D26244AD50B00F5A81A /* bluefaceTests.xctest */;
			productType = "com.apple.product-type.bundle.unit-test";
		};
		32944D30244AD50B00F5A81A /* bluefaceUITests */ = {
			isa = PBXNativeTarget;
			buildConfigurationList = 32944D40244AD50B00F5A81A /* Build configuration list for PBXNativeTarget "bluefaceUITests" */;
			buildPhases = (
				32944D2D244AD50B00F5A81A /* Sources */,
				32944D2E244AD50B00F5A81A /* Frameworks */,
				32944D2F244AD50B00F5A81A /* Resources */,
			);
			buildRules = (
			);
			dependencies = (
				32944D33244AD50B00F5A81A /* PBXTargetDependency */,
			);
			name = bluefaceUITests;
			productName = bluefaceUITests;
			productReference = 32944D31244AD50B00F5A81A /* bluefaceUITests.xctest */;
			productType = "com.apple.product-type.bundle.ui-testing";
		};
/* End PBXNativeTarget section */

/* Begin PBXProject section */
		32944D08244AD50900F5A81A /* Project object */ = {
			isa = PBXProject;
			attributes = {
				LastSwiftUpdateCheck = 1130;
				LastUpgradeCheck = 1130;
				ORGANIZATIONNAME = ukyo;
				TargetAttributes = {
					32944D0F244AD50900F5A81A = {
						CreatedOnToolsVersion = 11.3;
					};
					32944D25244AD50B00F5A81A = {
						CreatedOnToolsVersion = 11.3;
						TestTargetID = 32944D0F244AD50900F5A81A;
					};
					32944D30244AD50B00F5A81A = {
						CreatedOnToolsVersion = 11.3;
						TestTargetID = 32944D0F244AD50900F5A81A;
					};
				};
			};
			buildConfigurationList = 32944D0B244AD50900F5A81A /* Build configuration list for PBXProject "blueface" */;
			compatibilityVersion = "Xcode 9.3";
			developmentRegion = en;
			hasScannedForEncodings = 0;
			knownRegions = (
				en,
				Base,
			);
			mainGroup = 32944D07244AD50900F5A81A;
			productRefGroup = 32944D11244AD50900F5A81A /* Products */;
			projectDirPath = "";
			projectRoot = "";
			targets = (
				32944D0F244AD50900F5A81A /* blueface */,
				32944D25244AD50B00F5A81A /* bluefaceTests */,
				32944D30244AD50B00F5A81A /* bluefaceUITests */,
			);
		};
/* End PBXProject section */

/* Begin PBXResourcesBuildPhase section */
		32944D0E244AD50900F5A81A /* Resources */ = {
			isa = PBXResourcesBuildPhase;
			buildActionMask = 2147483647;
			files = (
				32944D20244AD50B00F5A81A /* LaunchScreen.storyboard in Resources */,
				32944D1D244AD50B00F5A81A /* Assets.xcassets in Resources */,
				32944D1B244AD50900F5A81A /* Main.storyboard in Resources */,
			);
			runOnlyForDeploymentPostprocessing = 0;
		};
		32944D24244AD50B00F5A81A /* Resources */ = {
			isa = PBXResourcesBuildPhase;
			buildActionMask = 2147483647;
			files = (
			);
			runOnlyForDeploymentPostprocessing = 0;
		};
		32944D2F244AD50B00F5A81A /* Resources */ = {
			isa = PBXResourcesBuildPhase;
			buildActionMask = 2147483647;
			files = (
			);
			runOnlyForDeploymentPostprocessing = 0;
		};
/* End PBXResourcesBuildPhase section */

/* Begin PBXSourcesBuildPhase section */
		32944D0C244AD50900F5A81A /* Sources */ = {
			isa = PBXSourcesBuildPhase;
			buildActionMask = 2147483647;
			files = (
				32944D16244AD50900F5A81A /* ViewController.swift in Sources */,
				32944D14244AD50900F5A81A /* AppDelegate.swift in Sources */,
				32944D18244AD50900F5A81A /* Experience.rcproject in Sources */,
			);
			runOnlyForDeploymentPostprocessing = 0;
		};
		32944D22244AD50B00F5A81A /* Sources */ = {
			isa = PBXSourcesBuildPhase;
			buildActionMask = 2147483647;
			files = (
				32944D2B244AD50B00F5A81A /* bluefaceTests.swift in Sources */,
			);
			runOnlyForDeploymentPostprocessing = 0;
		};
		32944D2D244AD50B00F5A81A /* Sources */ = {
			isa = PBXSourcesBuildPhase;
			buildActionMask = 2147483647;
			files = (
				32944D36244AD50B00F5A81A /* bluefaceUITests.swift in Sources */,
			);
			runOnlyForDeploymentPostprocessing = 0;
		};
/* End PBXSourcesBuildPhase section */

/* Begin PBXTargetDependency section */
		32944D28244AD50B00F5A81A /* PBXTargetDependency */ = {
			isa = PBXTargetDependency;
			target = 32944D0F244AD50900F5A81A /* blueface */;
			targetProxy = 32944D27244AD50B00F5A81A /* PBXContainerItemProxy */;
		};
		32944D33244AD50B00F5A81A /* PBXTargetDependency */ = {
			isa = PBXTargetDependency;
			target = 32944D0F244AD50900F5A81A /* blueface */;
			targetProxy = 32944D32244AD50B00F5A81A /* PBXContainerItemProxy */;
		};
/* End PBXTargetDependency section */

/* Begin PBXVariantGroup section */
		32944D19244AD50900F5A81A /* Main.storyboard */ = {
			isa = PBXVariantGroup;
			children = (
				32944D1A244AD50900F5A81A /* Base */,
			);
			name = Main.storyboard;
			sourceTree = "<group>";
		};
		32944D1E244AD50B00F5A81A /* LaunchScreen.storyboard */ = {
			isa = PBXVariantGroup;
			children = (
				32944D1F244AD50B00F5A81A /* Base */,
			);
			name = LaunchScreen.storyboard;
			sourceTree = "<group>";
		};
/* End PBXVariantGroup section */

/* Begin XCBuildConfiguration section */
		32944D38244AD50B00F5A81A /* Debug */ = {
			isa = XCBuildConfiguration;
			buildSettings = {
				ALWAYS_SEARCH_USER_PATHS = NO;
				CLANG_ANALYZER_NONNULL = YES;
				CLANG_ANALYZER_NUMBER_OBJECT_CONVERSION = YES_AGGRESSIVE;
				CLANG_CXX_LANGUAGE_STANDARD = "gnu++14";
				CLANG_CXX_LIBRARY = "libc++";
				CLANG_ENABLE_MODULES = YES;
				CLANG_ENABLE_OBJC_ARC = YES;
				CLANG_ENABLE_OBJC_WEAK = YES;
				CLANG_WARN_BLOCK_CAPTURE_AUTORELEASING = YES;
				CLANG_WARN_BOOL_CONVERSION = YES;
				CLANG_WARN_COMMA = YES;
				CLANG_WARN_CONSTANT_CONVERSION = YES;
				CLANG_WARN_DEPRECATED_OBJC_IMPLEMENTATIONS = YES;
				CLANG_WARN_DIRECT_OBJC_ISA_USAGE = YES_ERROR;
				CLANG_WARN_DOCUMENTATION_COMMENTS = YES;
				CLANG_WARN_EMPTY_BODY = YES;
				CLANG_WARN_ENUM_CONVERSION = YES;
				CLANG_WARN_INFINITE_RECURSION = YES;
				CLANG_WARN_INT_CONVERSION = YES;
				CLANG_WARN_NON_LITERAL_NULL_CONVERSION = YES;
				CLANG_WARN_OBJC_IMPLICIT_RETAIN_SELF = YES;
				CLANG_WARN_OBJC_LITERAL_CONVERSION = YES;
				CLANG_WARN_OBJC_ROOT_CLASS = YES_ERROR;
				CLANG_WARN_RANGE_LOOP_ANALYSIS = YES;
				CLANG_WARN_STRICT_PROTOTYPES = YES;
				CLANG_WARN_SUSPICIOUS_MOVE = YES;
				CLANG_WARN_UNGUARDED_AVAILABILITY = YES_AGGRESSIVE;
				CLANG_WARN_UNREACHABLE_CODE = YES;
				CLANG_WARN__DUPLICATE_METHOD_MATCH = YES;
				COPY_PHASE_STRIP = NO;
				DEBUG_INFORMATION_FORMAT = dwarf;
				ENABLE_STRICT_OBJC_MSGSEND = YES;
				ENABLE_TESTABILITY = YES;
				GCC_C_LANGUAGE_STANDARD = gnu11;
				GCC_DYNAMIC_NO_PIC = NO;
				GCC_NO_COMMON_BLOCKS = YES;
				GCC_OPTIMIZATION_LEVEL = 0;
				GCC_PREPROCESSOR_DEFINITIONS = (
					"DEBUG=1",
					"$(inherited)",
				);
				GCC_WARN_64_TO_32_BIT_CONVERSION = YES;
				GCC_WARN_ABOUT_RETURN_TYPE = YES_ERROR;
				GCC_WARN_UNDECLARED_SELECTOR = YES;
				GCC_WARN_UNINITIALIZED_AUTOS = YES_AGGRESSIVE;
				GCC_WARN_UNUSED_FUNCTION = YES;
				GCC_WARN_UNUSED_VARIABLE = YES;
				IPHONEOS_DEPLOYMENT_TARGET = 13.2;
				MTL_ENABLE_DEBUG_INFO = INCLUDE_SOURCE;
				MTL_FAST_MATH = YES;
				ONLY_ACTIVE_ARCH = YES;
				SDKROOT = iphoneos;
				SWIFT_ACTIVE_COMPILATION_CONDITIONS = DEBUG;
				SWIFT_OPTIMIZATION_LEVEL = "-Onone";
			};
			name = Debug;
		};
		32944D39244AD50B00F5A81A /* Release */ = {
			isa = XCBuildConfiguration;
			buildSettings = {
				ALWAYS_SEARCH_USER_PATHS = NO;
				CLANG_ANALYZER_NONNULL = YES;
				CLANG_ANALYZER_NUMBER_OBJECT_CONVERSION = YES_AGGRESSIVE;
				CLANG_CXX_LANGUAGE_STANDARD = "gnu++14";
				CLANG_CXX_LIBRARY = "libc++";
				CLANG_ENABLE_MODULES = YES;
				CLANG_ENABLE_OBJC_ARC = YES;
				CLANG_ENABLE_OBJC_WEAK = YES;
				CLANG_WARN_BLOCK_CAPTURE_AUTORELEASING = YES;
				CLANG_WARN_BOOL_CONVERSION = YES;
				CLANG_WARN_COMMA = YES;
				CLANG_WARN_CONSTANT_CONVERSION = YES;
				CLANG_WARN_DEPRECATED_OBJC_IMPLEMENTATIONS = YES;
				CLANG_WARN_DIRECT_OBJC_ISA_USAGE = YES_ERROR;
				CLANG_WARN_DOCUMENTATION_COMMENTS = YES;
				CLANG_WARN_EMPTY_BODY = YES;
				CLANG_WARN_ENUM_CONVERSION = YES;
				CLANG_WARN_INFINITE_RECURSION = YES;
				CLANG_WARN_INT_CONVERSION = YES;
				CLANG_WARN_NON_LITERAL_NULL_CONVERSION = YES;
				CLANG_WARN_OBJC_IMPLICIT_RETAIN_SELF = YES;
				CLANG_WARN_OBJC_LITERAL_CONVERSION = YES;
				CLANG_WARN_OBJC_ROOT_CLASS = YES_ERROR;
				CLANG_WARN_RANGE_LOOP_ANALYSIS = YES;
				CLANG_WARN_STRICT_PROTOTYPES = YES;
				CLANG_WARN_SUSPICIOUS_MOVE = YES;
				CLANG_WARN_UNGUARDED_AVAILABILITY = YES_AGGRESSIVE;
				CLANG_WARN_UNREACHABLE_CODE = YES;
				CLANG_WARN__DUPLICATE_METHOD_MATCH = YES;
				COPY_PHASE_STRIP = NO;
				DEBUG_INFORMATION_FORMAT = "dwarf-with-dsym";
				ENABLE_NS_ASSERTIONS = NO;
				ENABLE_STRICT_OBJC_MSGSEND = YES;
				GCC_C_LANGUAGE_STANDARD = gnu11;
				GCC_NO_COMMON_BLOCKS = YES;
				GCC_WARN_64_TO_32_BIT_CONVERSION = YES;
				GCC_WARN_ABOUT_RETURN_TYPE = YES_ERROR;
				GCC_WARN_UNDECLARED_SELECTOR = YES;
				GCC_WARN_UNINITIALIZED_AUTOS = YES_AGGRESSIVE;
				GCC_WARN_UNUSED_FUNCTION = YES;
				GCC_WARN_UNUSED_VARIABLE = YES;
				IPHONEOS_DEPLOYMENT_TARGET = 13.2;
				MTL_ENABLE_DEBUG_INFO = NO;
				MTL_FAST_MATH = YES;
				SDKROOT = iphoneos;
				SWIFT_COMPILATION_MODE = wholemodule;
				SWIFT_OPTIMIZATION_LEVEL = "-O";
				VALIDATE_PRODUCT = YES;
			};
			name = Release;
		};
		32944D3B244AD50B00F5A81A /* Debug */ = {
			isa = XCBuildConfiguration;
			buildSettings = {
				ASSETCATALOG_COMPILER_APPICON_NAME = AppIcon;
				CODE_SIGN_STYLE = Automatic;
				DEVELOPMENT_TEAM = FQ9L8SMQ5Y;
				INFOPLIST_FILE = blueface/Info.plist;
				LD_RUNPATH_SEARCH_PATHS = (
					"$(inherited)",
					"@executable_path/Frameworks",
				);
				PRODUCT_BUNDLE_IDENTIFIER = dev.ukyo.blueface;
				PRODUCT_NAME = "$(TARGET_NAME)";
				SWIFT_VERSION = 5.0;
				TARGETED_DEVICE_FAMILY = "1,2";
			};
			name = Debug;
		};
		32944D3C244AD50B00F5A81A /* Release */ = {
			isa = XCBuildConfiguration;
			buildSettings = {
				ASSETCATALOG_COMPILER_APPICON_NAME = AppIcon;
				CODE_SIGN_STYLE = Automatic;
				DEVELOPMENT_TEAM = FQ9L8SMQ5Y;
				INFOPLIST_FILE = blueface/Info.plist;
				LD_RUNPATH_SEARCH_PATHS = (
					"$(inherited)",
					"@executable_path/Frameworks",
				);
				PRODUCT_BUNDLE_IDENTIFIER = dev.ukyo.blueface;
				PRODUCT_NAME = "$(TARGET_NAME)";
				SWIFT_VERSION = 5.0;
				TARGETED_DEVICE_FAMILY = "1,2";
			};
			name = Release;
		};
		32944D3E244AD50B00F5A81A /* Debug */ = {
			isa = XCBuildConfiguration;
			buildSettings = {
				ALWAYS_EMBED_SWIFT_STANDARD_LIBRARIES = YES;
				BUNDLE_LOADER = "$(TEST_HOST)";
				CODE_SIGN_STYLE = Automatic;
				DEVELOPMENT_TEAM = FQ9L8SMQ5Y;
				INFOPLIST_FILE = bluefaceTests/Info.plist;
				IPHONEOS_DEPLOYMENT_TARGET = 13.2;
				LD_RUNPATH_SEARCH_PATHS = (
					"$(inherited)",
					"@executable_path/Frameworks",
					"@loader_path/Frameworks",
				);
				PRODUCT_BUNDLE_IDENTIFIER = dev.ukyo.bluefaceTests;
				PRODUCT_NAME = "$(TARGET_NAME)";
				SWIFT_VERSION = 5.0;
				TARGETED_DEVICE_FAMILY = "1,2";
				TEST_HOST = "$(BUILT_PRODUCTS_DIR)/blueface.app/blueface";
			};
			name = Debug;
		};
		32944D3F244AD50B00F5A81A /* Release */ = {
			isa = XCBuildConfiguration;
			buildSettings = {
				ALWAYS_EMBED_SWIFT_STANDARD_LIBRARIES = YES;
				BUNDLE_LOADER = "$(TEST_HOST)";
				CODE_SIGN_STYLE = Automatic;
				DEVELOPMENT_TEAM = FQ9L8SMQ5Y;
				INFOPLIST_FILE = bluefaceTests/Info.plist;
				IPHONEOS_DEPLOYMENT_TARGET = 13.2;
				LD_RUNPATH_SEARCH_PATHS = (
					"$(inherited)",
					"@executable_path/Frameworks",
					"@loader_path/Frameworks",
				);
				PRODUCT_BUNDLE_IDENTIFIER = dev.ukyo.bluefaceTests;
				PRODUCT_NAME = "$(TARGET_NAME)";
				SWIFT_VERSION = 5.0;
				TARGETED_DEVICE_FAMILY = "1,2";
				TEST_HOST = "$(BUILT_PRODUCTS_DIR)/blueface.app/blueface";
			};
			name = Release;
		};
		32944D41244AD50B00F5A81A /* Debug */ = {
			isa = XCBuildConfiguration;
			buildSettings = {
				ALWAYS_EMBED_SWIFT_STANDARD_LIBRARIES = YES;
				CODE_SIGN_STYLE = Automatic;
				DEVELOPMENT_TEAM = FQ9L8SMQ5Y;
				INFOPLIST_FILE = bluefaceUITests/Info.plist;
				LD_RUNPATH_SEARCH_PATHS = (
					"$(inherited)",
					"@executable_path/Frameworks",
					"@loader_path/Frameworks",
				);
				PRODUCT_BUNDLE_IDENTIFIER = dev.ukyo.bluefaceUITests;
				PRODUCT_NAME = "$(TARGET_NAME)";
				SWIFT_VERSION = 5.0;
				TARGETED_DEVICE_FAMILY = "1,2";
				TEST_TARGET_NAME = blueface;
			};
			name = Debug;
		};
		32944D42244AD50B00F5A81A /* Release */ = {
			isa = XCBuildConfiguration;
			buildSettings = {
				ALWAYS_EMBED_SWIFT_STANDARD_LIBRARIES = YES;
				CODE_SIGN_STYLE = Automatic;
				DEVELOPMENT_TEAM = FQ9L8SMQ5Y;
				INFOPLIST_FILE = bluefaceUITests/Info.plist;
				LD_RUNPATH_SEARCH_PATHS = (
					"$(inherited)",
					"@executable_path/Frameworks",
					"@loader_path/Frameworks",
				);
				PRODUCT_BUNDLE_IDENTIFIER = dev.ukyo.bluefaceUITests;
				PRODUCT_NAME = "$(TARGET_NAME)";
				SWIFT_VERSION = 5.0;
				TARGETED_DEVICE_FAMILY = "1,2";
				TEST_TARGET_NAME = blueface;
			};
			name = Release;
		};
/* End XCBuildConfiguration section */

/* Begin XCConfigurationList section */
		32944D0B244AD50900F5A81A /* Build configuration list for PBXProject "blueface" */ = {
			isa = XCConfigurationList;
			buildConfigurations = (
				32944D38244AD50B00F5A81A /* Debug */,
				32944D39244AD50B00F5A81A /* Release */,
			);
			defaultConfigurationIsVisible = 0;
			defaultConfigurationName = Release;
		};
		32944D3A244AD50B00F5A81A /* Build configuration list for PBXNativeTarget "blueface" */ = {
			isa = XCConfigurationList;
			buildConfigurations = (
				32944D3B244AD50B00F5A81A /* Debug */,
				32944D3C244AD50B00F5A81A /* Release */,
			);
			defaultConfigurationIsVisible = 0;
			defaultConfigurationName = Release;
		};
		32944D3D244AD50B00F5A81A /* Build configuration list for PBXNativeTarget "bluefaceTests" */ = {
			isa = XCConfigurationList;
			buildConfigurations = (
				32944D3E244AD50B00F5A81A /* Debug */,
				32944D3F244AD50B00F5A81A /* Release */,
			);
			defaultConfigurationIsVisible = 0;
			defaultConfigurationName = Release;
		};
		32944D40244AD50B00F5A81A /* Build configuration list for PBXNativeTarget "bluefaceUITests" */ = {
			isa = XCConfigurationList;
			buildConfigurations = (
				32944D41244AD50B00F5A81A /* Debug */,
				32944D42244AD50B00F5A81A /* Release */,
			);
			defaultConfigurationIsVisible = 0;
			defaultConfigurationName = Release;
		};
/* End XCConfigurationList section */
	};
	rootObject = 32944D08244AD50900F5A81A /* Project object */;
}
